
Microsoft Visual Studio Solution File, Format Version 12.00
Project("{FAE04EC0-301F-11D3-BF4B-00C04F79EFBC}") = "MinimalAPI", "MinimalAPI\MinimalAPI.csproj", "{D5F027B3-98D0-4B47-9F35-C493AB5523BA}"
EndProject
Global
	GlobalSection(SolutionConfigurationPlatforms) = preSolution
		Debug|Any CPU = Debug|Any CPU
		Release|Any CPU = Release|Any CPU
	EndGlobalSection
	GlobalSection(ProjectConfigurationPlatforms) = postSolution
		{D5F027B3-98D0-4B47-9F35-C493AB5523BA}.Debug|Any CPU.ActiveCfg = Debug|Any CPU
		{D5F027B3-98D0-4B47-9F35-C493AB5523BA}.Debug|Any CPU.Build.0 = Debug|Any CPU
		{D5F027B3-98D0-4B47-9F35-C493AB5523BA}.Release|Any CPU.ActiveCfg = Release|Any CPU
		{D5F027B3-98D0-4B47-9F35-C493AB5523BA}.Release|Any CPU.Build.0 = Release|Any CPU
	EndGlobalSection
EndGlobal
