
Microsoft Visual Studio Solution File, Format Version 12.00
Project("{FAE04EC0-301F-11D3-BF4B-00C04F79EFBC}") = "MinimalAPI", "MinimalAPI\MinimalAPI.csproj", "{D5F027B3-98D0-4B47-9F35-C493AB5523BA}"
EndProject
Project("{FAE04EC0-301F-11D3-BF4B-00C04F79EFBC}") = "MinimalAPI.Core", "..\MinimalAPI.Core\MinimalAPI.Core.csproj", "{66BBBDD4-9088-4C71-B6BD-B140FA5FD9E0}"
EndProject
Project("{FAE04EC0-301F-11D3-BF4B-00C04F79EFBC}") = "MinimalAPI.Persistence", "..\MinimalAPI.Persistence\MinimalAPI.Persistence.csproj", "{4E16880B-597A-46B4-B79C-301902F36627}"
EndProject
Project("{FAE04EC0-301F-11D3-BF4B-00C04F79EFBC}") = "MinimalAPI.Tests", "..\MinimalAPI.Tests\MinimalAPI.Tests.csproj", "{3EFC8D2E-A7EF-4893-9EE6-3F978F121101}"
EndProject
Project("{FAE04EC0-301F-11D3-BF4B-00C04F79EFBC}") = "MinimalAPI.Application", "..\MinimalAPI.Application\MinimalAPI.Application.csproj", "{3F608384-FA0E-4628-8287-259DDA91144B}"
EndProject
Global
	GlobalSection(SolutionConfigurationPlatforms) = preSolution
		Debug|Any CPU = Debug|Any CPU
		Release|Any CPU = Release|Any CPU
	EndGlobalSection
	GlobalSection(ProjectConfigurationPlatforms) = postSolution
		{D5F027B3-98D0-4B47-9F35-C493AB5523BA}.Debug|Any CPU.ActiveCfg = Debug|Any CPU
		{D5F027B3-98D0-4B47-9F35-C493AB5523BA}.Debug|Any CPU.Build.0 = Debug|Any CPU
		{D5F027B3-98D0-4B47-9F35-C493AB5523BA}.Release|Any CPU.ActiveCfg = Release|Any CPU
		{D5F027B3-98D0-4B47-9F35-C493AB5523BA}.Release|Any CPU.Build.0 = Release|Any CPU
		{66BBBDD4-9088-4C71-B6BD-B140FA5FD9E0}.Debug|Any CPU.ActiveCfg = Debug|Any CPU
		{66BBBDD4-9088-4C71-B6BD-B140FA5FD9E0}.Debug|Any CPU.Build.0 = Debug|Any CPU
		{66BBBDD4-9088-4C71-B6BD-B140FA5FD9E0}.Release|Any CPU.ActiveCfg = Release|Any CPU
		{66BBBDD4-9088-4C71-B6BD-B140FA5FD9E0}.Release|Any CPU.Build.0 = Release|Any CPU
		{4E16880B-597A-46B4-B79C-301902F36627}.Debug|Any CPU.ActiveCfg = Debug|Any CPU
		{4E16880B-597A-46B4-B79C-301902F36627}.Debug|Any CPU.Build.0 = Debug|Any CPU
		{4E16880B-597A-46B4-B79C-301902F36627}.Release|Any CPU.ActiveCfg = Release|Any CPU
		{4E16880B-597A-46B4-B79C-301902F36627}.Release|Any CPU.Build.0 = Release|Any CPU
		{3EFC8D2E-A7EF-4893-9EE6-3F978F121101}.Debug|Any CPU.ActiveCfg = Debug|Any CPU
		{3EFC8D2E-A7EF-4893-9EE6-3F978F121101}.Debug|Any CPU.Build.0 = Debug|Any CPU
		{3EFC8D2E-A7EF-4893-9EE6-3F978F121101}.Release|Any CPU.ActiveCfg = Release|Any CPU
		{3EFC8D2E-A7EF-4893-9EE6-3F978F121101}.Release|Any CPU.Build.0 = Release|Any CPU
		{3F608384-FA0E-4628-8287-259DDA91144B}.Debug|Any CPU.ActiveCfg = Debug|Any CPU
		{3F608384-FA0E-4628-8287-259DDA91144B}.Debug|Any CPU.Build.0 = Debug|Any CPU
		{3F608384-FA0E-4628-8287-259DDA91144B}.Release|Any CPU.ActiveCfg = Release|Any CPU
		{3F608384-FA0E-4628-8287-259DDA91144B}.Release|Any CPU.Build.0 = Release|Any CPU
	EndGlobalSection
EndGlobal
